
Microsoft Visual Studio Solution File, Format Version 12.00
# Visual Studio Version 16
VisualStudioVersion = 16.0.35425.106
MinimumVisualStudioVersion = 10.0.40219.1
Project("{FAE04EC0-301F-11D3-BF4B-00C04F79EFBC}") = "SubContractingTry", "SubContractingTry\SubContractingTry.csproj", "{A8C6E40B-2574-4BAC-97BE-A427378AD78F}"
EndProject
Global
	GlobalSection(SolutionConfigurationPlatforms) = preSolution
		Debug|Any CPU = Debug|Any CPU
		Release|Any CPU = Release|Any CPU
	EndGlobalSection
	GlobalSection(ProjectConfigurationPlatforms) = postSolution
		{A8C6E40B-2574-4BAC-97BE-A427378AD78F}.Debug|Any CPU.ActiveCfg = Debug|Any CPU
		{A8C6E40B-2574-4BAC-97BE-A427378AD78F}.Debug|Any CPU.Build.0 = Debug|Any CPU
		{A8C6E40B-2574-4BAC-97BE-A427378AD78F}.Release|Any CPU.ActiveCfg = Release|Any CPU
		{A8C6E40B-2574-4BAC-97BE-A427378AD78F}.Release|Any CPU.Build.0 = Release|Any CPU
	EndGlobalSection
	GlobalSection(SolutionProperties) = preSolution
		HideSolutionNode = FALSE
	EndGlobalSection
	GlobalSection(ExtensibilityGlobals) = postSolution
		SolutionGuid = {BD6E8B89-B60F-490F-9C05-8C49FA0C60F0}
	EndGlobalSection
EndGlobal
